
Microsoft Visual Studio Solution File, Format Version 12.00
# Visual Studio Version 17
VisualStudioVersion = 17.7.34221.43
MinimumVisualStudioVersion = 10.0.40219.1
Project("{FAE04EC0-301F-11D3-BF4B-00C04F79EFBC}") = "AssistantAi", "AssistantAi\AssistantAi.csproj", "{9A5421A8-AD90-4985-BBF6-0B042B746075}"
EndProject
Global
	GlobalSection(SolutionConfigurationPlatforms) = preSolution
		Debug|Any CPU = Debug|Any CPU
		Release|Any CPU = Release|Any CPU
	EndGlobalSection
	GlobalSection(ProjectConfigurationPlatforms) = postSolution
		{9A5421A8-AD90-4985-BBF6-0B042B746075}.Debug|Any CPU.ActiveCfg = Debug|Any CPU
		{9A5421A8-AD90-4985-BBF6-0B042B746075}.Debug|Any CPU.Build.0 = Debug|Any CPU
		{9A5421A8-AD90-4985-BBF6-0B042B746075}.Release|Any CPU.ActiveCfg = Release|Any CPU
		{9A5421A8-AD90-4985-BBF6-0B042B746075}.Release|Any CPU.Build.0 = Release|Any CPU
	EndGlobalSection
	GlobalSection(SolutionProperties) = preSolution
		HideSolutionNode = FALSE
	EndGlobalSection
	GlobalSection(ExtensibilityGlobals) = postSolution
		SolutionGuid = {85EE6684-8DBD-4A8A-963F-6C7B3CCEC69A}
	EndGlobalSection
EndGlobal
